
Microsoft Visual Studio Solution File, Format Version 12.00
# Visual Studio Version 16
VisualStudioVersion = 16.0.30717.126
MinimumVisualStudioVersion = 10.0.40219.1
Project("{FAE04EC0-301F-11D3-BF4B-00C04F79EFBC}") = "WarzonePerformanceFix", "WarzonePerformanceFix\WarzonePerformanceFix.csproj", "{AE93EF6A-DA63-4F4E-9B45-9F29C7E49191}"
EndProject
Global
	GlobalSection(SolutionConfigurationPlatforms) = preSolution
		Debug|Any CPU = Debug|Any CPU
		Release|Any CPU = Release|Any CPU
	EndGlobalSection
	GlobalSection(ProjectConfigurationPlatforms) = postSolution
		{AE93EF6A-DA63-4F4E-9B45-9F29C7E49191}.Debug|Any CPU.ActiveCfg = Debug|Any CPU
		{AE93EF6A-DA63-4F4E-9B45-9F29C7E49191}.Debug|Any CPU.Build.0 = Debug|Any CPU
		{AE93EF6A-DA63-4F4E-9B45-9F29C7E49191}.Release|Any CPU.ActiveCfg = Release|Any CPU
		{AE93EF6A-DA63-4F4E-9B45-9F29C7E49191}.Release|Any CPU.Build.0 = Release|Any CPU
	EndGlobalSection
	GlobalSection(SolutionProperties) = preSolution
		HideSolutionNode = FALSE
	EndGlobalSection
	GlobalSection(ExtensibilityGlobals) = postSolution
		SolutionGuid = {CA3394ED-F04F-4276-A73D-DFE028A4F409}
	EndGlobalSection
EndGlobal
